
Microsoft Visual Studio Solution File, Format Version 12.00
# Visual Studio 2013
VisualStudioVersion = 12.0.31101.0
MinimumVisualStudioVersion = 10.0.40219.1
Project("{FAE04EC0-301F-11D3-BF4B-00C04F79EFBC}") = "Budget.Web", "Budget.Web\Budget.Web.csproj", "{76BDC568-F70E-475E-8C38-B282C46775B3}"
EndProject
Project("{FAE04EC0-301F-11D3-BF4B-00C04F79EFBC}") = "Budget.Web.Tests", "Budget.Web.Tests\Budget.Web.Tests.csproj", "{A97AF298-D5C6-4940-A67C-88DB3C40EE05}"
EndProject
Project("{FAE04EC0-301F-11D3-BF4B-00C04F79EFBC}") = "Budget.Ef", "Budget.EF\Budget.Ef.csproj", "{8D012DBC-2814-477C-AD21-25773CAF4C5B}"
EndProject
Project("{FAE04EC0-301F-11D3-BF4B-00C04F79EFBC}") = "Budget.Data", "Budget.Data\Budget.Data.csproj", "{2337157B-A2D4-4A5C-AC5D-E04AEFFBF628}"
	ProjectSection(ProjectDependencies) = postProject
		{8D012DBC-2814-477C-AD21-25773CAF4C5B} = {8D012DBC-2814-477C-AD21-25773CAF4C5B}
	EndProjectSection
EndProject
Project("{FAE04EC0-301F-11D3-BF4B-00C04F79EFBC}") = "Budget.Data.Tests", "Budget.Data.Tests\Budget.Data.Tests.csproj", "{D9F10DE8-D7FB-4D6F-BC5F-73784E701B2C}"
EndProject
Project("{FAE04EC0-301F-11D3-BF4B-00C04F79EFBC}") = "Budget.Domain", "Budget.Domain\Budget.Domain.csproj", "{87829E3B-B292-4EB5-B729-B10F6AB5210B}"
EndProject
Project("{FAE04EC0-301F-11D3-BF4B-00C04F79EFBC}") = "Budget.Api", "Budget.Api\Budget.Api.csproj", "{882796D5-09C2-4C63-B334-BABBDF2EA3B3}"
EndProject
Project("{FAE04EC0-301F-11D3-BF4B-00C04F79EFBC}") = "Budget.Api.Tests", "Budget.Api.Tests\Budget.Api.Tests.csproj", "{6728BB1E-7DE7-4CAA-B69D-9CC2F1130439}"
EndProject
Global
	GlobalSection(SolutionConfigurationPlatforms) = preSolution
		Debug|Any CPU = Debug|Any CPU
		Release|Any CPU = Release|Any CPU
	EndGlobalSection
	GlobalSection(ProjectConfigurationPlatforms) = postSolution
		{76BDC568-F70E-475E-8C38-B282C46775B3}.Debug|Any CPU.ActiveCfg = Debug|Any CPU
		{76BDC568-F70E-475E-8C38-B282C46775B3}.Debug|Any CPU.Build.0 = Debug|Any CPU
		{76BDC568-F70E-475E-8C38-B282C46775B3}.Release|Any CPU.ActiveCfg = Release|Any CPU
		{76BDC568-F70E-475E-8C38-B282C46775B3}.Release|Any CPU.Build.0 = Release|Any CPU
		{A97AF298-D5C6-4940-A67C-88DB3C40EE05}.Debug|Any CPU.ActiveCfg = Debug|Any CPU
		{A97AF298-D5C6-4940-A67C-88DB3C40EE05}.Debug|Any CPU.Build.0 = Debug|Any CPU
		{A97AF298-D5C6-4940-A67C-88DB3C40EE05}.Release|Any CPU.ActiveCfg = Release|Any CPU
		{A97AF298-D5C6-4940-A67C-88DB3C40EE05}.Release|Any CPU.Build.0 = Release|Any CPU
		{8D012DBC-2814-477C-AD21-25773CAF4C5B}.Debug|Any CPU.ActiveCfg = Debug|Any CPU
		{8D012DBC-2814-477C-AD21-25773CAF4C5B}.Debug|Any CPU.Build.0 = Debug|Any CPU
		{8D012DBC-2814-477C-AD21-25773CAF4C5B}.Release|Any CPU.ActiveCfg = Release|Any CPU
		{8D012DBC-2814-477C-AD21-25773CAF4C5B}.Release|Any CPU.Build.0 = Release|Any CPU
		{2337157B-A2D4-4A5C-AC5D-E04AEFFBF628}.Debug|Any CPU.ActiveCfg = Debug|Any CPU
		{2337157B-A2D4-4A5C-AC5D-E04AEFFBF628}.Debug|Any CPU.Build.0 = Debug|Any CPU
		{2337157B-A2D4-4A5C-AC5D-E04AEFFBF628}.Release|Any CPU.ActiveCfg = Release|Any CPU
		{2337157B-A2D4-4A5C-AC5D-E04AEFFBF628}.Release|Any CPU.Build.0 = Release|Any CPU
		{D9F10DE8-D7FB-4D6F-BC5F-73784E701B2C}.Debug|Any CPU.ActiveCfg = Debug|Any CPU
		{D9F10DE8-D7FB-4D6F-BC5F-73784E701B2C}.Debug|Any CPU.Build.0 = Debug|Any CPU
		{D9F10DE8-D7FB-4D6F-BC5F-73784E701B2C}.Release|Any CPU.ActiveCfg = Release|Any CPU
		{D9F10DE8-D7FB-4D6F-BC5F-73784E701B2C}.Release|Any CPU.Build.0 = Release|Any CPU
		{87829E3B-B292-4EB5-B729-B10F6AB5210B}.Debug|Any CPU.ActiveCfg = Debug|Any CPU
		{87829E3B-B292-4EB5-B729-B10F6AB5210B}.Debug|Any CPU.Build.0 = Debug|Any CPU
		{87829E3B-B292-4EB5-B729-B10F6AB5210B}.Release|Any CPU.ActiveCfg = Release|Any CPU
		{87829E3B-B292-4EB5-B729-B10F6AB5210B}.Release|Any CPU.Build.0 = Release|Any CPU
		{882796D5-09C2-4C63-B334-BABBDF2EA3B3}.Debug|Any CPU.ActiveCfg = Debug|Any CPU
		{882796D5-09C2-4C63-B334-BABBDF2EA3B3}.Debug|Any CPU.Build.0 = Debug|Any CPU
		{882796D5-09C2-4C63-B334-BABBDF2EA3B3}.Release|Any CPU.ActiveCfg = Release|Any CPU
		{882796D5-09C2-4C63-B334-BABBDF2EA3B3}.Release|Any CPU.Build.0 = Release|Any CPU
		{6728BB1E-7DE7-4CAA-B69D-9CC2F1130439}.Debug|Any CPU.ActiveCfg = Debug|Any CPU
		{6728BB1E-7DE7-4CAA-B69D-9CC2F1130439}.Debug|Any CPU.Build.0 = Debug|Any CPU
		{6728BB1E-7DE7-4CAA-B69D-9CC2F1130439}.Release|Any CPU.ActiveCfg = Release|Any CPU
		{6728BB1E-7DE7-4CAA-B69D-9CC2F1130439}.Release|Any CPU.Build.0 = Release|Any CPU
	EndGlobalSection
	GlobalSection(SolutionProperties) = preSolution
		HideSolutionNode = FALSE
	EndGlobalSection
EndGlobal
